
Microsoft Visual Studio Solution File, Format Version 12.00
# Visual Studio Version 17
VisualStudioVersion = 17.6.33815.320
MinimumVisualStudioVersion = 10.0.40219.1
Project("{FAE04EC0-301F-11D3-BF4B-00C04F79EFBC}") = "BookIt.Api", "BookIt.Api\BookIt.Api.csproj", "{BA51FDC8-3C1C-4929-9E52-606F4F478022}"
EndProject
Project("{FAE04EC0-301F-11D3-BF4B-00C04F79EFBC}") = "BookIt.Core.Domain", "BookIt.Core.Domain\BookIt.Core.Domain.csproj", "{312D59F9-9BE5-4CAA-A1AA-BA78080AE797}"
EndProject
Project("{FAE04EC0-301F-11D3-BF4B-00C04F79EFBC}") = "BookIt.Core.Application", "BookIt.Core.Application\BookIt.Core.Application.csproj", "{E2B37390-32CB-4CAD-9238-3C094F5D55D3}"
EndProject
Global
	GlobalSection(SolutionConfigurationPlatforms) = preSolution
		Debug|Any CPU = Debug|Any CPU
		Release|Any CPU = Release|Any CPU
	EndGlobalSection
	GlobalSection(ProjectConfigurationPlatforms) = postSolution
		{BA51FDC8-3C1C-4929-9E52-606F4F478022}.Debug|Any CPU.ActiveCfg = Debug|Any CPU
		{BA51FDC8-3C1C-4929-9E52-606F4F478022}.Debug|Any CPU.Build.0 = Debug|Any CPU
		{BA51FDC8-3C1C-4929-9E52-606F4F478022}.Release|Any CPU.ActiveCfg = Release|Any CPU
		{BA51FDC8-3C1C-4929-9E52-606F4F478022}.Release|Any CPU.Build.0 = Release|Any CPU
		{312D59F9-9BE5-4CAA-A1AA-BA78080AE797}.Debug|Any CPU.ActiveCfg = Debug|Any CPU
		{312D59F9-9BE5-4CAA-A1AA-BA78080AE797}.Debug|Any CPU.Build.0 = Debug|Any CPU
		{312D59F9-9BE5-4CAA-A1AA-BA78080AE797}.Release|Any CPU.ActiveCfg = Release|Any CPU
		{312D59F9-9BE5-4CAA-A1AA-BA78080AE797}.Release|Any CPU.Build.0 = Release|Any CPU
		{E2B37390-32CB-4CAD-9238-3C094F5D55D3}.Debug|Any CPU.ActiveCfg = Debug|Any CPU
		{E2B37390-32CB-4CAD-9238-3C094F5D55D3}.Debug|Any CPU.Build.0 = Debug|Any CPU
		{E2B37390-32CB-4CAD-9238-3C094F5D55D3}.Release|Any CPU.ActiveCfg = Release|Any CPU
		{E2B37390-32CB-4CAD-9238-3C094F5D55D3}.Release|Any CPU.Build.0 = Release|Any CPU
	EndGlobalSection
	GlobalSection(SolutionProperties) = preSolution
		HideSolutionNode = FALSE
	EndGlobalSection
	GlobalSection(ExtensibilityGlobals) = postSolution
		SolutionGuid = {BAD467AA-2F62-4173-A831-DF3A7C136A7D}
	EndGlobalSection
EndGlobal
